SITE
  remote: https://supermarket.getchef.com/api/v1
  specs:
    7-zip (1.0.2)
      windows (>= 1.2.2)
    apt (2.8.1)
    ark (0.9.0)
      7-zip (>= 0.0.0)
      windows (>= 0.0.0)
    build-essential (2.2.3)
    chef_handler (1.2.0)
    chruby (0.2.2)
      ark (>= 0.0.0)
      ruby_build (>= 0.0.0)
    ssh (0.10.5)
    windows (1.38.1)
      chef_handler (>= 0.0.0)
    yum (3.6.3)
    yum-epel (0.6.2)
      yum (~> 3.2)

GIT
  remote: https://github.com/mojolingo/chef-ruby_build
  ref: ruby-2.1.0
  sha: 210fea4c9ce604ee0179039f953f8c8c7dd8bd36
  specs:
    ruby_build (0.8.1)
      yum-epel (>= 0.0.0)

DEPENDENCIES
  apt (>= 0)
  ark (>= 0)
  build-essential (>= 0)
  chruby (>= 0)
  ruby_build (>= 0)
  ssh (>= 0)

